Microsoft Visual Studio Solution File, Format Version 12.00
# Visual Studio Version 17
VisualStudioVersion = 17.11.35222.181
MinimumVisualStudioVersion = 10.0.40219.1
Project("{2150E333-8FDC-42A3-9474-1A3956D46DE8}") = "src", "src", "{04D0321A-DC1C-55A1-B261-EA8CF8542DCC}"
EndProject
Project("{2150E333-8FDC-42A3-9474-1A3956D46DE8}") = "tests", "tests", "{4C71FEB5-1D2C-533A-927D-AB62A59FF362}"
EndProject
Project("{2150E333-8FDC-42A3-9474-1A3956D46DE8}") = "Unit", "Unit", "{1BC8B810-7AA7-5412-9013-AA4339D630FC}"
EndProject
Project("{2150E333-8FDC-42A3-9474-1A3956D46DE8}") = "Integration", "Integration", "{3B493552-F406-5A99-8E9D-FFA748069FCA}"
EndProject
Project("{9A19103F-16F7-4668-BE54-9A1E7A4F7556}") = "OSCU.Api", "src\OSCU.Api\OSCU.Api.csproj", "{959A7FB3-2C13-5EBA-A319-CCA63DBA6D1B}"
EndProject
Project("{9A19103F-16F7-4668-BE54-9A1E7A4F7556}") = "OSCU.Application", "src\OSCU.Application\OSCU.Application.csproj", "{21DA1F90-DBF8-51D1-9649-7CFA9C4D6F24}"
EndProject
Project("{9A19103F-16F7-4668-BE54-9A1E7A4F7556}") = "OSCU.Domain", "src\OSCU.Domain\OSCU.Domain.csproj", "{CBD2F103-41F1-596D-819F-89CDFF046174}"
EndProject
Project("{9A19103F-16F7-4668-BE54-9A1E7A4F7556}") = "OSCU.Infrastructure", "src\OSCU.Infrastructure\OSCU.Infrastructure.csproj", "{41A91A8C-0103-573E-A021-77FD1BBE4BDE}"
EndProject
Project("{9A19103F-16F7-4668-BE54-9A1E7A4F7556}") = "OSCU.Persistence", "src\OSCU.Persistence\OSCU.Persistence.csproj", "{78CAA9B0-387E-5DCD-86BA-2859B0C98C1A}"
EndProject
Project("{9A19103F-16F7-4668-BE54-9A1E7A4F7556}") = "OSCU.Domain.UnitTests", "tests\Unit\OSCU.Domain.UnitTests\OSCU.Domain.UnitTests.csproj", "{9E2194EC-FB55-5A32-9F4C-E5848438DD0C}"
EndProject
Project("{9A19103F-16F7-4668-BE54-9A1E7A4F7556}") = "OSCU.Application.UnitTests", "tests\Unit\OSCU.Application.UnitTests\OSCU.Application.UnitTests.csproj", "{30742AE8-1FA6-557E-820A-CC878D848336}"
EndProject
Project("{9A19103F-16F7-4668-BE54-9A1E7A4F7556}") = "OSCU.Persistence.UnitTests", "tests\Unit\OSCU.Persistence.UnitTests\OSCU.Persistence.UnitTests.csproj", "{F34701E3-4671-5DE1-88EF-5B8839D70C4D}"
EndProject
Project("{9A19103F-16F7-4668-BE54-9A1E7A4F7556}") = "OSCU.Api.UnitTests", "tests\Unit\OSCU.Api.UnitTests\OSCU.Api.UnitTests.csproj", "{6FB79B51-D248-5A50-B47C-FCF47441A694}"
EndProject
Project("{9A19103F-16F7-4668-BE54-9A1E7A4F7556}") = "OSCU.Api.IntegrationTests", "tests\Integration\OSCU.Api.IntegrationTests\OSCU.Api.IntegrationTests.csproj", "{1FDD6E7D-D7B9-56F4-BE0A-8D56A3FD1148}"
EndProject
Global
	GlobalSection(SolutionConfigurationPlatforms) = preSolution
		Debug|Any CPU = Debug|Any CPU
		Release|Any CPU = Release|Any CPU
	EndGlobalSection
	GlobalSection(ProjectConfigurationPlatforms) = postSolution
		{959A7FB3-2C13-5EBA-A319-CCA63DBA6D1B}.Debug|Any CPU.ActiveCfg = Debug|Any CPU
		{959A7FB3-2C13-5EBA-A319-CCA63DBA6D1B}.Debug|Any CPU.Build.0 = Debug|Any CPU
		{959A7FB3-2C13-5EBA-A319-CCA63DBA6D1B}.Release|Any CPU.ActiveCfg = Release|Any CPU
		{959A7FB3-2C13-5EBA-A319-CCA63DBA6D1B}.Release|Any CPU.Build.0 = Release|Any CPU
		{21DA1F90-DBF8-51D1-9649-7CFA9C4D6F24}.Debug|Any CPU.ActiveCfg = Debug|Any CPU
		{21DA1F90-DBF8-51D1-9649-7CFA9C4D6F24}.Debug|Any CPU.Build.0 = Debug|Any CPU
		{21DA1F90-DBF8-51D1-9649-7CFA9C4D6F24}.Release|Any CPU.ActiveCfg = Release|Any CPU
		{21DA1F90-DBF8-51D1-9649-7CFA9C4D6F24}.Release|Any CPU.Build.0 = Release|Any CPU
		{CBD2F103-41F1-596D-819F-89CDFF046174}.Debug|Any CPU.ActiveCfg = Debug|Any CPU
		{CBD2F103-41F1-596D-819F-89CDFF046174}.Debug|Any CPU.Build.0 = Debug|Any CPU
		{CBD2F103-41F1-596D-819F-89CDFF046174}.Release|Any CPU.ActiveCfg = Release|Any CPU
		{CBD2F103-41F1-596D-819F-89CDFF046174}.Release|Any CPU.Build.0 = Release|Any CPU
		{41A91A8C-0103-573E-A021-77FD1BBE4BDE}.Debug|Any CPU.ActiveCfg = Debug|Any CPU
		{41A91A8C-0103-573E-A021-77FD1BBE4BDE}.Debug|Any CPU.Build.0 = Debug|Any CPU
		{41A91A8C-0103-573E-A021-77FD1BBE4BDE}.Release|Any CPU.ActiveCfg = Release|Any CPU
		{41A91A8C-0103-573E-A021-77FD1BBE4BDE}.Release|Any CPU.Build.0 = Release|Any CPU
		{78CAA9B0-387E-5DCD-86BA-2859B0C98C1A}.Debug|Any CPU.ActiveCfg = Debug|Any CPU
		{78CAA9B0-387E-5DCD-86BA-2859B0C98C1A}.Debug|Any CPU.Build.0 = Debug|Any CPU
		{78CAA9B0-387E-5DCD-86BA-2859B0C98C1A}.Release|Any CPU.ActiveCfg = Release|Any CPU
		{78CAA9B0-387E-5DCD-86BA-2859B0C98C1A}.Release|Any CPU.Build.0 = Release|Any CPU
		{9E2194EC-FB55-5A32-9F4C-E5848438DD0C}.Debug|Any CPU.ActiveCfg = Debug|Any CPU
		{9E2194EC-FB55-5A32-9F4C-E5848438DD0C}.Debug|Any CPU.Build.0 = Debug|Any CPU
		{9E2194EC-FB55-5A32-9F4C-E5848438DD0C}.Release|Any CPU.ActiveCfg = Release|Any CPU
		{9E2194EC-FB55-5A32-9F4C-E5848438DD0C}.Release|Any CPU.Build.0 = Release|Any CPU
		{30742AE8-1FA6-557E-820A-CC878D848336}.Debug|Any CPU.ActiveCfg = Debug|Any CPU
		{30742AE8-1FA6-557E-820A-CC878D848336}.Debug|Any CPU.Build.0 = Debug|Any CPU
		{30742AE8-1FA6-557E-820A-CC878D848336}.Release|Any CPU.ActiveCfg = Release|Any CPU
		{30742AE8-1FA6-557E-820A-CC878D848336}.Release|Any CPU.Build.0 = Release|Any CPU
		{F34701E3-4671-5DE1-88EF-5B8839D70C4D}.Debug|Any CPU.ActiveCfg = Debug|Any CPU
		{F34701E3-4671-5DE1-88EF-5B8839D70C4D}.Debug|Any CPU.Build.0 = Debug|Any CPU
		{F34701E3-4671-5DE1-88EF-5B8839D70C4D}.Release|Any CPU.ActiveCfg = Release|Any CPU
		{F34701E3-4671-5DE1-88EF-5B8839D70C4D}.Release|Any CPU.Build.0 = Release|Any CPU
		{6FB79B51-D248-5A50-B47C-FCF47441A694}.Debug|Any CPU.ActiveCfg = Debug|Any CPU
		{6FB79B51-D248-5A50-B47C-FCF47441A694}.Debug|Any CPU.Build.0 = Debug|Any CPU
		{6FB79B51-D248-5A50-B47C-FCF47441A694}.Release|Any CPU.ActiveCfg = Release|Any CPU
		{6FB79B51-D248-5A50-B47C-FCF47441A694}.Release|Any CPU.Build.0 = Release|Any CPU
		{1FDD6E7D-D7B9-56F4-BE0A-8D56A3FD1148}.Debug|Any CPU.ActiveCfg = Debug|Any CPU
		{1FDD6E7D-D7B9-56F4-BE0A-8D56A3FD1148}.Debug|Any CPU.Build.0 = Debug|Any CPU
		{1FDD6E7D-D7B9-56F4-BE0A-8D56A3FD1148}.Release|Any CPU.ActiveCfg = Release|Any CPU
		{1FDD6E7D-D7B9-56F4-BE0A-8D56A3FD1148}.Release|Any CPU.Build.0 = Release|Any CPU
	EndGlobalSection
	GlobalSection(SolutionProperties) = preSolution
		HideSolutionNode = FALSE
	EndGlobalSection
	GlobalSection(NestedProjects) = preSolution
		{1BC8B810-7AA7-5412-9013-AA4339D630FC} = {4C71FEB5-1D2C-533A-927D-AB62A59FF362}
		{3B493552-F406-5A99-8E9D-FFA748069FCA} = {4C71FEB5-1D2C-533A-927D-AB62A59FF362}
		{959A7FB3-2C13-5EBA-A319-CCA63DBA6D1B} = {04D0321A-DC1C-55A1-B261-EA8CF8542DCC}
		{21DA1F90-DBF8-51D1-9649-7CFA9C4D6F24} = {04D0321A-DC1C-55A1-B261-EA8CF8542DCC}
		{CBD2F103-41F1-596D-819F-89CDFF046174} = {04D0321A-DC1C-55A1-B261-EA8CF8542DCC}
		{41A91A8C-0103-573E-A021-77FD1BBE4BDE} = {04D0321A-DC1C-55A1-B261-EA8CF8542DCC}
		{78CAA9B0-387E-5DCD-86BA-2859B0C98C1A} = {04D0321A-DC1C-55A1-B261-EA8CF8542DCC}
		{9E2194EC-FB55-5A32-9F4C-E5848438DD0C} = {1BC8B810-7AA7-5412-9013-AA4339D630FC}
		{30742AE8-1FA6-557E-820A-CC878D848336} = {1BC8B810-7AA7-5412-9013-AA4339D630FC}
		{F34701E3-4671-5DE1-88EF-5B8839D70C4D} = {1BC8B810-7AA7-5412-9013-AA4339D630FC}
		{6FB79B51-D248-5A50-B47C-FCF47441A694} = {1BC8B810-7AA7-5412-9013-AA4339D630FC}
		{1FDD6E7D-D7B9-56F4-BE0A-8D56A3FD1148} = {3B493552-F406-5A99-8E9D-FFA748069FCA}
	EndGlobalSection
	GlobalSection(ExtensibilityGlobals) = postSolution
		SolutionGuid = {9A939586-0826-5185-828D-3C5F53EF4096}
	EndGlobalSection
EndGlobal
